
Microsoft Visual Studio Solution File, Format Version 12.00
# Visual Studio Version 17
VisualStudioVersion = 17.0.31903.59
MinimumVisualStudioVersion = 10.0.40219.1
Project("{FAE04EC0-301F-11D3-BF4B-00C04F79EFBC}") = "RealEstate.Domain", "RealEstate.Domain\RealEstate.Domain.csproj", "{75C81F24-10A0-4E8B-863E-F27051B7CC77}"
EndProject
Project("{FAE04EC0-301F-11D3-BF4B-00C04F79EFBC}") = "RealEstate.Application", "RealEstate.Application\RealEstate.Application.csproj", "{A846A250-1A1A-4842-82A7-57AE2F4094F1}"
EndProject
Project("{FAE04EC0-301F-11D3-BF4B-00C04F79EFBC}") = "RealEstate.Infrastructure", "RealEstate.Infrastructure\RealEstate.Infrastructure.csproj", "{6F0D1525-6759-4D1A-9AA3-69F4B0FBDB3E}"
EndProject
Project("{FAE04EC0-301F-11D3-BF4B-00C04F79EFBC}") = "RealEstate.API", "RealEstate.API\RealEstate.API.csproj", "{6CC37973-C3AE-497F-A43A-C727684AEEF1}"
EndProject
Project("{FAE04EC0-301F-11D3-BF4B-00C04F79EFBC}") = "RealEstate.Tests", "RealEstate.Tests\RealEstate.Tests.csproj", "{8585819C-8F09-4941-BA5A-D73441E94C7C}"
EndProject
Global
	GlobalSection(SolutionConfigurationPlatforms) = preSolution
		Debug|Any CPU = Debug|Any CPU
		Release|Any CPU = Release|Any CPU
	EndGlobalSection
	GlobalSection(SolutionProperties) = preSolution
		HideSolutionNode = FALSE
	EndGlobalSection
	GlobalSection(ProjectConfigurationPlatforms) = postSolution
		{75C81F24-10A0-4E8B-863E-F27051B7CC77}.Debug|Any CPU.ActiveCfg = Debug|Any CPU
		{75C81F24-10A0-4E8B-863E-F27051B7CC77}.Debug|Any CPU.Build.0 = Debug|Any CPU
		{75C81F24-10A0-4E8B-863E-F27051B7CC77}.Release|Any CPU.ActiveCfg = Release|Any CPU
		{75C81F24-10A0-4E8B-863E-F27051B7CC77}.Release|Any CPU.Build.0 = Release|Any CPU
		{A846A250-1A1A-4842-82A7-57AE2F4094F1}.Debug|Any CPU.ActiveCfg = Debug|Any CPU
		{A846A250-1A1A-4842-82A7-57AE2F4094F1}.Debug|Any CPU.Build.0 = Debug|Any CPU
		{A846A250-1A1A-4842-82A7-57AE2F4094F1}.Release|Any CPU.ActiveCfg = Release|Any CPU
		{A846A250-1A1A-4842-82A7-57AE2F4094F1}.Release|Any CPU.Build.0 = Release|Any CPU
		{6F0D1525-6759-4D1A-9AA3-69F4B0FBDB3E}.Debug|Any CPU.ActiveCfg = Debug|Any CPU
		{6F0D1525-6759-4D1A-9AA3-69F4B0FBDB3E}.Debug|Any CPU.Build.0 = Debug|Any CPU
		{6F0D1525-6759-4D1A-9AA3-69F4B0FBDB3E}.Release|Any CPU.ActiveCfg = Release|Any CPU
		{6F0D1525-6759-4D1A-9AA3-69F4B0FBDB3E}.Release|Any CPU.Build.0 = Release|Any CPU
		{6CC37973-C3AE-497F-A43A-C727684AEEF1}.Debug|Any CPU.ActiveCfg = Debug|Any CPU
		{6CC37973-C3AE-497F-A43A-C727684AEEF1}.Debug|Any CPU.Build.0 = Debug|Any CPU
		{6CC37973-C3AE-497F-A43A-C727684AEEF1}.Release|Any CPU.ActiveCfg = Release|Any CPU
		{6CC37973-C3AE-497F-A43A-C727684AEEF1}.Release|Any CPU.Build.0 = Release|Any CPU
		{8585819C-8F09-4941-BA5A-D73441E94C7C}.Debug|Any CPU.ActiveCfg = Debug|Any CPU
		{8585819C-8F09-4941-BA5A-D73441E94C7C}.Debug|Any CPU.Build.0 = Debug|Any CPU
		{8585819C-8F09-4941-BA5A-D73441E94C7C}.Release|Any CPU.ActiveCfg = Release|Any CPU
		{8585819C-8F09-4941-BA5A-D73441E94C7C}.Release|Any CPU.Build.0 = Release|Any CPU
	EndGlobalSection
EndGlobal
